
Microsoft Visual Studio Solution File, Format Version 12.00
# Visual Studio 2012
Project("{FAE04EC0-301F-11D3-BF4B-00C04F79EFBC}") = "YoloMcYoloSwag", "YoloMcYoloSwag\YoloMcYoloSwag.csproj", "{DC70CC6E-2092-4370-8F5A-9029DAFBA700}"
EndProject
Global
	GlobalSection(SolutionConfigurationPlatforms) = preSolution
		Debug|x86 = Debug|x86
		Release|x86 = Release|x86
	EndGlobalSection
	GlobalSection(ProjectConfigurationPlatforms) = postSolution
		{DC70CC6E-2092-4370-8F5A-9029DAFBA700}.Debug|x86.ActiveCfg = Debug|x86
		{DC70CC6E-2092-4370-8F5A-9029DAFBA700}.Debug|x86.Build.0 = Debug|x86
		{DC70CC6E-2092-4370-8F5A-9029DAFBA700}.Release|x86.ActiveCfg = Release|x86
		{DC70CC6E-2092-4370-8F5A-9029DAFBA700}.Release|x86.Build.0 = Release|x86
	EndGlobalSection
EndGlobal
